
Microsoft Visual Studio Solution File, Format Version 12.00
# Visual Studio Version 16
VisualStudioVersion = 16.0.30413.136
MinimumVisualStudioVersion = 10.0.40219.1
Project("{FAE04EC0-301F-11D3-BF4B-00C04F79EFBC}") = "CursoDesignPatterns", "CursoDesignPatterns\CursoDesignPatterns.csproj", "{FDB37F98-0E6F-44A6-9B5E-B5664105D430}"
EndProject
Global
	GlobalSection(SolutionConfigurationPlatforms) = preSolution
		Debug|Any CPU = Debug|Any CPU
		Release|Any CPU = Release|Any CPU
	EndGlobalSection
	GlobalSection(ProjectConfigurationPlatforms) = postSolution
		{FDB37F98-0E6F-44A6-9B5E-B5664105D430}.Debug|Any CPU.ActiveCfg = Debug|Any CPU
		{FDB37F98-0E6F-44A6-9B5E-B5664105D430}.Debug|Any CPU.Build.0 = Debug|Any CPU
		{FDB37F98-0E6F-44A6-9B5E-B5664105D430}.Release|Any CPU.ActiveCfg = Release|Any CPU
		{FDB37F98-0E6F-44A6-9B5E-B5664105D430}.Release|Any CPU.Build.0 = Release|Any CPU
	EndGlobalSection
	GlobalSection(SolutionProperties) = preSolution
		HideSolutionNode = FALSE
	EndGlobalSection
	GlobalSection(ExtensibilityGlobals) = postSolution
		SolutionGuid = {1759F708-FE8E-45AE-81F0-3588A9839E14}
	EndGlobalSection
EndGlobal
